
Microsoft Visual Studio Solution File, Format Version 12.00
# Visual Studio 15
VisualStudioVersion = 15.0.28307.779
MinimumVisualStudioVersion = 10.0.40219.1
Project("{FAE04EC0-301F-11D3-BF4B-00C04F79EFBC}") = "Calculation_light", "Calculation_light\Calculation_light.csproj", "{E7FB482F-F1DB-48FE-9B1C-25771F90E112}"
EndProject
Global
	GlobalSection(SolutionConfigurationPlatforms) = preSolution
		Debug|Any CPU = Debug|Any CPU
		Release|Any CPU = Release|Any CPU
	EndGlobalSection
	GlobalSection(ProjectConfigurationPlatforms) = postSolution
		{E7FB482F-F1DB-48FE-9B1C-25771F90E112}.Debug|Any CPU.ActiveCfg = Debug|Any CPU
		{E7FB482F-F1DB-48FE-9B1C-25771F90E112}.Debug|Any CPU.Build.0 = Debug|Any CPU
		{E7FB482F-F1DB-48FE-9B1C-25771F90E112}.Release|Any CPU.ActiveCfg = Release|Any CPU
		{E7FB482F-F1DB-48FE-9B1C-25771F90E112}.Release|Any CPU.Build.0 = Release|Any CPU
	EndGlobalSection
	GlobalSection(SolutionProperties) = preSolution
		HideSolutionNode = FALSE
	EndGlobalSection
	GlobalSection(ExtensibilityGlobals) = postSolution
		SolutionGuid = {F1D6F0AB-B9A0-4192-872B-5D42950A62A4}
	EndGlobalSection
EndGlobal
